
Microsoft Visual Studio Solution File, Format Version 12.00
# Visual Studio Version 16
VisualStudioVersion = 16.0.31702.278
MinimumVisualStudioVersion = 10.0.40219.1
Project("{9A19103F-16F7-4668-BE54-9A1E7A4F7556}") = "SanteDB.Caching.Redis", "SanteDB.Caching.Redis\SanteDB.Caching.Redis.csproj", "{86672094-25CC-4CD5-B085-240E50EC4A5E}"
EndProject
Global
	GlobalSection(SolutionConfigurationPlatforms) = preSolution
		Debug|Any CPU = Debug|Any CPU
		Release|Any CPU = Release|Any CPU
	EndGlobalSection
	GlobalSection(ProjectConfigurationPlatforms) = postSolution
		{86672094-25CC-4CD5-B085-240E50EC4A5E}.Debug|Any CPU.ActiveCfg = Debug|Any CPU
		{86672094-25CC-4CD5-B085-240E50EC4A5E}.Debug|Any CPU.Build.0 = Debug|Any CPU
		{86672094-25CC-4CD5-B085-240E50EC4A5E}.Release|Any CPU.ActiveCfg = Release|Any CPU
		{86672094-25CC-4CD5-B085-240E50EC4A5E}.Release|Any CPU.Build.0 = Release|Any CPU
	EndGlobalSection
	GlobalSection(SolutionProperties) = preSolution
		HideSolutionNode = FALSE
	EndGlobalSection
	GlobalSection(ExtensibilityGlobals) = postSolution
		SolutionGuid = {DD653906-8A59-4A19-85BA-7D62DDD3C8CB}
	EndGlobalSection
EndGlobal
